{
  "name": "ListRandomizer",
  "lockfileVersion": 3,
  "requires": true,
  "packages": {
    "": {
      "dependencies": {
        "vanilla-jsoneditor": "^0.11.5"
      }
    },
    "node_modules/vanilla-jsoneditor": {
      "version": "0.11.5",
      "resolved": "https://registry.npmjs.org/vanilla-jsoneditor/-/vanilla-jsoneditor-0.11.5.tgz",
      "integrity": "sha512-Ac5NHnendsIYmNCm0bJFUh9zs9c/GHZpok1DY7BUkcLAOkzSPZRK0B0TgldfEWC+srdpR5BmMlA4E/ZnKmieEQ=="
    }
  }
}
